
Microsoft Visual Studio Solution File, Format Version 12.00
# Visual Studio Version 17
VisualStudioVersion = 17.9.34701.34
MinimumVisualStudioVersion = 10.0.40219.1
Project("{FAE04EC0-301F-11D3-BF4B-00C04F79EFBC}") = "ProdutoApp.API", "ProdutoApp.API\ProdutoApp.API.csproj", "{C17C78F2-FC16-4288-877F-BD64C34F82D5}"
EndProject
Project("{2150E333-8FDC-42A3-9474-1A3956D46DE8}") = "APPLICATION", "APPLICATION", "{A5BB1B63-758C-4066-AEC6-E5BDB36C2151}"
EndProject
Project("{2150E333-8FDC-42A3-9474-1A3956D46DE8}") = "DOMAIN", "DOMAIN", "{972F3664-1631-4193-8EB1-3FBD407D1875}"
EndProject
Project("{2150E333-8FDC-42A3-9474-1A3956D46DE8}") = "INFRASTRUCTURE", "INFRASTRUCTURE", "{D5BEF368-770F-42D1-9541-BB157E79E7F4}"
EndProject
Project("{2150E333-8FDC-42A3-9474-1A3956D46DE8}") = "TESTS", "TESTS", "{0C3BA81C-63E7-4F92-A83C-7FD1B2558C62}"
EndProject
Project("{FAE04EC0-301F-11D3-BF4B-00C04F79EFBC}") = "ProdutoApp.Domain", "ProdutoApp.Domain\ProdutoApp.Domain.csproj", "{7A31195E-DDC0-429A-A24D-F59669CCD2CE}"
EndProject
Project("{FAE04EC0-301F-11D3-BF4B-00C04F79EFBC}") = "ProdutoApp.Infra.Data", "ProdutoApp.Infra.Data\ProdutoApp.Infra.Data.csproj", "{674A501D-BACB-4237-9FEA-4A054F07A55B}"
EndProject
Project("{FAE04EC0-301F-11D3-BF4B-00C04F79EFBC}") = "ProdutoApp.Tests", "ProdutoApp.Tests\ProdutoApp.Tests.csproj", "{69D23A7B-93AB-4AE1-ADB0-44ADD6A221E4}"
EndProject
Global
	GlobalSection(SolutionConfigurationPlatforms) = preSolution
		Debug|Any CPU = Debug|Any CPU
		Release|Any CPU = Release|Any CPU
	EndGlobalSection
	GlobalSection(ProjectConfigurationPlatforms) = postSolution
		{C17C78F2-FC16-4288-877F-BD64C34F82D5}.Debug|Any CPU.ActiveCfg = Debug|Any CPU
		{C17C78F2-FC16-4288-877F-BD64C34F82D5}.Debug|Any CPU.Build.0 = Debug|Any CPU
		{C17C78F2-FC16-4288-877F-BD64C34F82D5}.Release|Any CPU.ActiveCfg = Release|Any CPU
		{C17C78F2-FC16-4288-877F-BD64C34F82D5}.Release|Any CPU.Build.0 = Release|Any CPU
		{7A31195E-DDC0-429A-A24D-F59669CCD2CE}.Debug|Any CPU.ActiveCfg = Debug|Any CPU
		{7A31195E-DDC0-429A-A24D-F59669CCD2CE}.Debug|Any CPU.Build.0 = Debug|Any CPU
		{7A31195E-DDC0-429A-A24D-F59669CCD2CE}.Release|Any CPU.ActiveCfg = Release|Any CPU
		{7A31195E-DDC0-429A-A24D-F59669CCD2CE}.Release|Any CPU.Build.0 = Release|Any CPU
		{674A501D-BACB-4237-9FEA-4A054F07A55B}.Debug|Any CPU.ActiveCfg = Debug|Any CPU
		{674A501D-BACB-4237-9FEA-4A054F07A55B}.Debug|Any CPU.Build.0 = Debug|Any CPU
		{674A501D-BACB-4237-9FEA-4A054F07A55B}.Release|Any CPU.ActiveCfg = Release|Any CPU
		{674A501D-BACB-4237-9FEA-4A054F07A55B}.Release|Any CPU.Build.0 = Release|Any CPU
		{69D23A7B-93AB-4AE1-ADB0-44ADD6A221E4}.Debug|Any CPU.ActiveCfg = Debug|Any CPU
		{69D23A7B-93AB-4AE1-ADB0-44ADD6A221E4}.Debug|Any CPU.Build.0 = Debug|Any CPU
		{69D23A7B-93AB-4AE1-ADB0-44ADD6A221E4}.Release|Any CPU.ActiveCfg = Release|Any CPU
		{69D23A7B-93AB-4AE1-ADB0-44ADD6A221E4}.Release|Any CPU.Build.0 = Release|Any CPU
	EndGlobalSection
	GlobalSection(SolutionProperties) = preSolution
		HideSolutionNode = FALSE
	EndGlobalSection
	GlobalSection(NestedProjects) = preSolution
		{C17C78F2-FC16-4288-877F-BD64C34F82D5} = {A5BB1B63-758C-4066-AEC6-E5BDB36C2151}
		{7A31195E-DDC0-429A-A24D-F59669CCD2CE} = {972F3664-1631-4193-8EB1-3FBD407D1875}
		{674A501D-BACB-4237-9FEA-4A054F07A55B} = {D5BEF368-770F-42D1-9541-BB157E79E7F4}
		{69D23A7B-93AB-4AE1-ADB0-44ADD6A221E4} = {0C3BA81C-63E7-4F92-A83C-7FD1B2558C62}
	EndGlobalSection
	GlobalSection(ExtensibilityGlobals) = postSolution
		SolutionGuid = {8141A29F-C267-4856-905C-F75C4C4B5BEC}
	EndGlobalSection
EndGlobal
